
Microsoft Visual Studio Solution File, Format Version 12.00
# Visual Studio Version 17
VisualStudioVersion = 17.9.34622.214
MinimumVisualStudioVersion = 10.0.40219.1
Project("{FAE04EC0-301F-11D3-BF4B-00C04F79EFBC}") = "SQLTesting", "SQLTesting.csproj", "{ED979B5C-3E5F-4319-B41F-6B18C92EE2E2}"
EndProject
Project("{FAE04EC0-301F-11D3-BF4B-00C04F79EFBC}") = "Testing_Core", "..\Testing_Core\Testing_Core.csproj", "{F1A925ED-D0A2-4EFF-BC54-D7D3177354D6}"
EndProject
Global
	GlobalSection(SolutionConfigurationPlatforms) = preSolution
		Debug|Any CPU = Debug|Any CPU
		Release|Any CPU = Release|Any CPU
	EndGlobalSection
	GlobalSection(ProjectConfigurationPlatforms) = postSolution
		{ED979B5C-3E5F-4319-B41F-6B18C92EE2E2}.Debug|Any CPU.ActiveCfg = Debug|Any CPU
		{ED979B5C-3E5F-4319-B41F-6B18C92EE2E2}.Debug|Any CPU.Build.0 = Debug|Any CPU
		{ED979B5C-3E5F-4319-B41F-6B18C92EE2E2}.Release|Any CPU.ActiveCfg = Release|Any CPU
		{ED979B5C-3E5F-4319-B41F-6B18C92EE2E2}.Release|Any CPU.Build.0 = Release|Any CPU
		{F1A925ED-D0A2-4EFF-BC54-D7D3177354D6}.Debug|Any CPU.ActiveCfg = Debug|Any CPU
		{F1A925ED-D0A2-4EFF-BC54-D7D3177354D6}.Debug|Any CPU.Build.0 = Debug|Any CPU
		{F1A925ED-D0A2-4EFF-BC54-D7D3177354D6}.Release|Any CPU.ActiveCfg = Release|Any CPU
		{F1A925ED-D0A2-4EFF-BC54-D7D3177354D6}.Release|Any CPU.Build.0 = Release|Any CPU
	EndGlobalSection
	GlobalSection(SolutionProperties) = preSolution
		HideSolutionNode = FALSE
	EndGlobalSection
	GlobalSection(ExtensibilityGlobals) = postSolution
		SolutionGuid = {D2C50B26-6A55-4CDC-8835-204EAF5EFA4A}
	EndGlobalSection
EndGlobal
